
Microsoft Visual Studio Solution File, Format Version 12.00
# Visual Studio 15
VisualStudioVersion = 15.0.28010.2003
MinimumVisualStudioVersion = 10.0.40219.1
Project("{FAE04EC0-301F-11D3-BF4B-00C04F79EFBC}") = "Lazy", "Lazy.csproj", "{CE474B54-F409-4591-A849-C879F89D5DB0}"
EndProject
Project("{FAE04EC0-301F-11D3-BF4B-00C04F79EFBC}") = "Lazy.Tests", "..\Lazy.Tests\Lazy.Tests.csproj", "{EBC6CC9A-12B0-4E76-A6A0-CED9DAA23586}"
EndProject
Global
	GlobalSection(SolutionConfigurationPlatforms) = preSolution
		Debug|Any CPU = Debug|Any CPU
		Release|Any CPU = Release|Any CPU
	EndGlobalSection
	GlobalSection(ProjectConfigurationPlatforms) = postSolution
		{CE474B54-F409-4591-A849-C879F89D5DB0}.Debug|Any CPU.ActiveCfg = Debug|Any CPU
		{CE474B54-F409-4591-A849-C879F89D5DB0}.Debug|Any CPU.Build.0 = Debug|Any CPU
		{CE474B54-F409-4591-A849-C879F89D5DB0}.Release|Any CPU.ActiveCfg = Release|Any CPU
		{CE474B54-F409-4591-A849-C879F89D5DB0}.Release|Any CPU.Build.0 = Release|Any CPU
		{EBC6CC9A-12B0-4E76-A6A0-CED9DAA23586}.Debug|Any CPU.ActiveCfg = Debug|Any CPU
		{EBC6CC9A-12B0-4E76-A6A0-CED9DAA23586}.Debug|Any CPU.Build.0 = Debug|Any CPU
		{EBC6CC9A-12B0-4E76-A6A0-CED9DAA23586}.Release|Any CPU.ActiveCfg = Release|Any CPU
		{EBC6CC9A-12B0-4E76-A6A0-CED9DAA23586}.Release|Any CPU.Build.0 = Release|Any CPU
	EndGlobalSection
	GlobalSection(SolutionProperties) = preSolution
		HideSolutionNode = FALSE
	EndGlobalSection
	GlobalSection(ExtensibilityGlobals) = postSolution
		SolutionGuid = {C69325A1-E8C8-4E6F-B5E6-4B966F6F21E3}
	EndGlobalSection
EndGlobal
